
Microsoft Visual Studio Solution File, Format Version 12.00
# Visual Studio Version 17
VisualStudioVersion = 17.0.31903.59
MinimumVisualStudioVersion = 10.0.40219.1
Project("{FAE04EC0-301F-11D3-BF4B-00C04F79EFBC}") = "CodeStringBuilder", "CodeStringBuilder\CodeStringBuilder.csproj", "{C41DE4E8-9A63-42AD-B585-440F373CBC39}"
EndProject
Project("{2150E333-8FDC-42A3-9474-1A3956D46DE8}") = "Solution Items", "Solution Items", "{74CD0067-2518-4EB7-B098-287D1714F770}"
	ProjectSection(SolutionItems) = preProject
		.editorconfig = .editorconfig
		.gitignore = .gitignore
		LICENSE = LICENSE
		README.md = README.md
		stylecop.json = stylecop.json
	EndProjectSection
EndProject
Project("{2150E333-8FDC-42A3-9474-1A3956D46DE8}") = "Documentation", "Documentation", "{47DC9749-16E6-43D0-A873-3E16BC7F6897}"
	ProjectSection(SolutionItems) = preProject
		Documentation\README.md = Documentation\README.md
	EndProjectSection
EndProject
Project("{FAE04EC0-301F-11D3-BF4B-00C04F79EFBC}") = "CodeStringBuilder.Examples", "CodeStringBuilder.Examples\CodeStringBuilder.Examples.csproj", "{928B1EF9-EDF1-4A88-9140-1046C2F335EC}"
EndProject
Global
	GlobalSection(SolutionConfigurationPlatforms) = preSolution
		Debug|Any CPU = Debug|Any CPU
		Release|Any CPU = Release|Any CPU
	EndGlobalSection
	GlobalSection(SolutionProperties) = preSolution
		HideSolutionNode = FALSE
	EndGlobalSection
	GlobalSection(ProjectConfigurationPlatforms) = postSolution
		{C41DE4E8-9A63-42AD-B585-440F373CBC39}.Debug|Any CPU.ActiveCfg = Debug|Any CPU
		{C41DE4E8-9A63-42AD-B585-440F373CBC39}.Debug|Any CPU.Build.0 = Debug|Any CPU
		{C41DE4E8-9A63-42AD-B585-440F373CBC39}.Release|Any CPU.ActiveCfg = Release|Any CPU
		{C41DE4E8-9A63-42AD-B585-440F373CBC39}.Release|Any CPU.Build.0 = Release|Any CPU
		{928B1EF9-EDF1-4A88-9140-1046C2F335EC}.Debug|Any CPU.ActiveCfg = Debug|Any CPU
		{928B1EF9-EDF1-4A88-9140-1046C2F335EC}.Debug|Any CPU.Build.0 = Debug|Any CPU
		{928B1EF9-EDF1-4A88-9140-1046C2F335EC}.Release|Any CPU.ActiveCfg = Release|Any CPU
		{928B1EF9-EDF1-4A88-9140-1046C2F335EC}.Release|Any CPU.Build.0 = Release|Any CPU
	EndGlobalSection
	GlobalSection(NestedProjects) = preSolution
		{47DC9749-16E6-43D0-A873-3E16BC7F6897} = {74CD0067-2518-4EB7-B098-287D1714F770}
	EndGlobalSection
EndGlobal
